<Solution>
  <Configurations>
    <Platform Name="Any CPU" />
    <Platform Name="x64" />
    <Platform Name="x86" />
  </Configurations>
  <Project Path="Momiji/Momiji-RealTimeWorkQueue.csproj" />
  <Project Path="MomijiSample/WASAPI/WASAPI.csproj">
    <Platform Solution="*|x64" Project="x64" />
    <Platform Solution="*|x86" Project="x86" />
    <Platform Solution="Debug|Any CPU" Project="x86" />
  </Project>
  <Project Path="MomijiTest/MomijiTest.csproj" />
</Solution>
